{
    "_readme": [
        "This file locks the dependencies of your project to a known state",
        "Read more about it at http://getcomposer.org/doc/01-basic-usage.md#composer-lock-the-lock-file"
    ],
    "hash": "17e4a97c1ac2f10880c1498c3860a5cb",
    "packages": [
        {
            "name": "hybridauth/hybridauth",
            "version": "v2.4.1",
            "source": {
                "type": "git",
                "url": "https://github.com/hybridauth/hybridauth.git",
                "reference": "89e4dc3da3a55cf3ffb00a428c247ff2166dc7ca"
            },
            "dist": {
                "type": "zip",
                "url": "https://api.github.com/repos/hybridauth/hybridauth/zipball/89e4dc3da3a55cf3ffb00a428c247ff2166dc7ca",
                "reference": "89e4dc3da3a55cf3ffb00a428c247ff2166dc7ca",
                "shasum": ""
            },
            "require": {
                "ext-curl": "*",
                "php": ">=5.2.0"
            },
            "type": "library",
            "autoload": {
                "psr-0": {
                    "Hybrid": "hybridauth/"
                },
                "classmap": [
                    "hybridauth/Hybrid"
                ]
            },
            "notification-url": "https://packagist.org/downloads/",
            "license": [
                "(MIT or GPL-3.0+)"
            ],
            "authors": [
                {
                    "name": "Miled",
                    "email": "hybridauth@gmail.com"
                }
            ],
            "description": "Open source social sign on PHP library.",
            "homepage": "http://hybridauth.sourceforge.net",
            "keywords": [
                "OpenId",
                "facebook",
                "google",
                "hybridauth",
                "login",
                "oauth",
                "social",
                "twitter",
                "yahoo"
            ],
            "time": "2015-04-12 01:39:53"
        },
        {
            "name": "j7mbo/twitter-api-php",
            "version": "dev-master",
            "source": {
                "type": "git",
                "url": "https://github.com/J7mbo/twitter-api-php.git",
                "reference": "a89ce3e294484aad7ae13dbabe45fb3928024ef8"
            },
            "dist": {
                "type": "zip",
                "url": "https://api.github.com/repos/J7mbo/twitter-api-php/zipball/a89ce3e294484aad7ae13dbabe45fb3928024ef8",
                "reference": "a89ce3e294484aad7ae13dbabe45fb3928024ef8",
                "shasum": ""
            },
            "require": {
                "ext-curl": "*"
            },
            "require-dev": {
                "phpunit/phpunit": "~4.5,>=4.5.1"
            },
            "type": "library",
            "extra": {
                "branch-alias": {
                    "dev-master": "1.0-dev"
                }
            },
            "autoload": {
                "files": [
                    "TwitterAPIExchange.php"
                ]
            },
            "notification-url": "https://packagist.org/downloads/",
            "license": [
                "GNU Public License"
            ],
            "authors": [
                {
                    "name": "James Mallison",
                    "homepage": "https://github.com/j7mbo/twitter-api-php"
                }
            ],
            "description": "Simple PHP Wrapper for Twitter API v1.1 calls",
            "homepage": "https://github.com/j7mbo/twitter-api-php",
            "keywords": [
                "api",
                "php",
                "twitter"
            ],
            "time": "2015-08-03 21:35:18"
        },
        {
            "name": "jstayton/google-maps-geocoder",
            "version": "dev-master",
            "source": {
                "type": "git",
                "url": "https://github.com/jstayton/GoogleMapsGeocoder.git",
                "reference": "da87c1f61f14da61eddcdac98fba78d7eaa7d1b4"
            },
            "dist": {
                "type": "zip",
                "url": "https://api.github.com/repos/jstayton/GoogleMapsGeocoder/zipball/da87c1f61f14da61eddcdac98fba78d7eaa7d1b4",
                "reference": "da87c1f61f14da61eddcdac98fba78d7eaa7d1b4",
                "shasum": ""
            },
            "require": {
                "php": ">=5.2.0"
            },
            "require-dev": {
                "phpdocumentor/phpdocumentor": "*"
            },
            "type": "library",
            "autoload": {
                "psr-0": {
                    "GoogleMapsGeocoder": "src/"
                }
            },
            "notification-url": "https://packagist.org/downloads/",
            "license": [
                "MIT"
            ],
            "authors": [
                {
                    "name": "Justin Stayton",
                    "homepage": "http://justinstayton.com",
                    "role": "Developer"
                }
            ],
            "description": "A PHP wrapper for the Google Maps Geocoding API v3.",
            "homepage": "https://github.com/jstayton/GoogleMapsGeocoder",
            "keywords": [
                "geocode",
                "geocoder",
                "geocoding",
                "gmap",
                "gmaps",
                "google",
                "map",
                "maps"
            ],
            "time": "2015-09-03 23:30:52"
        },
        {
            "name": "php-console/php-console",
            "version": "3.1.4",
            "source": {
                "type": "git",
                "url": "https://github.com/barbushin/php-console.git",
                "reference": "b40e988dcd7686128a47010161ba13e32d5fdb45"
            },
            "dist": {
                "type": "zip",
                "url": "https://api.github.com/repos/barbushin/php-console/zipball/b40e988dcd7686128a47010161ba13e32d5fdb45",
                "reference": "b40e988dcd7686128a47010161ba13e32d5fdb45",
                "shasum": ""
            },
            "require": {
                "php": ">=5.3.0"
            },
            "suggest": {
                "php-console/laravel-service-provider": "*",
                "php-console/silex-service-provider": "*"
            },
            "type": "library",
            "extra": {
                "branch-alias": {
                    "dev-master": "3.x-dev"
                }
            },
            "autoload": {
                "psr-0": {
                    "PhpConsole": "src/"
                }
            },
            "notification-url": "https://packagist.org/downloads/",
            "license": [
                "BSD 3-Clause"
            ],
            "authors": [
                {
                    "name": "Sergey Barbushin",
                    "email": "barbushin@gmail.com",
                    "homepage": "http://linkedin.com/in/barbushin"
                }
            ],
            "description": "Server side PHP library for Google Chrome extension \"PHP Console\".",
            "homepage": "https://github.com/barbushin/php-console",
            "keywords": [
                "chrome",
                "debug",
                "error handler",
                "errors",
                "google chrome",
                "php"
            ],
            "time": "2015-06-30 07:52:47"
        },
        {
            "name": "smarty/smarty",
            "version": "v3.1.21",
            "source": {
                "type": "git",
                "url": "https://github.com/smarty-php/smarty.git",
                "reference": "1f878e6d746ecc8ec8d00d9c75044cf7d23ad94a"
            },
            "dist": {
                "type": "zip",
                "url": "https://api.github.com/repos/smarty-php/smarty/zipball/1f878e6d746ecc8ec8d00d9c75044cf7d23ad94a",
                "reference": "1f878e6d746ecc8ec8d00d9c75044cf7d23ad94a",
                "shasum": ""
            },
            "require": {
                "php": ">=5.2"
            },
            "type": "library",
            "extra": {
                "branch-alias": {
                    "dev-master": "3.1.x-dev"
                }
            },
            "autoload": {
                "classmap": [
                    "libs/Smarty.class.php",
                    "libs/SmartyBC.class.php",
                    "libs/sysplugins/smarty_security.php"
                ]
            },
            "notification-url": "https://packagist.org/downloads/",
            "license": [
                "LGPL-3.0"
            ],
            "authors": [
                {
                    "name": "Monte Ohrt",
                    "email": "monte@ohrt.com"
                },
                {
                    "name": "Uwe Tews",
                    "email": "uwe.tews@googlemail.com"
                },
                {
                    "name": "Rodney Rehm",
                    "email": "rodney.rehm@medialize.de"
                }
            ],
            "description": "Smarty - the compiling PHP template engine",
            "homepage": "http://www.smarty.net",
            "keywords": [
                "templating"
            ],
            "time": "2014-10-31 04:22:20"
        },
        {
            "name": "validator/livr",
            "version": "dev-master",
            "source": {
                "type": "git",
                "url": "https://github.com/WebbyLab/php-validator-livr.git",
                "reference": "73e25eb15ca52671258c17d1640bf52556a8afc5"
            },
            "dist": {
                "type": "zip",
                "url": "https://api.github.com/repos/WebbyLab/php-validator-livr/zipball/73e25eb15ca52671258c17d1640bf52556a8afc5",
                "reference": "73e25eb15ca52671258c17d1640bf52556a8afc5",
                "shasum": ""
            },
            "require": {
                "php": ">=5.3.0"
            },
            "require-dev": {
                "phpunit/phpunit": "*"
            },
            "type": "library",
            "autoload": {
                "psr-0": {
                    "Validator": "lib/"
                }
            },
            "notification-url": "https://packagist.org/downloads/",
            "license": [
                "MIT"
            ],
            "authors": [
                {
                    "name": "Viktor Turskyi",
                    "email": "koorchik@gmail.com",
                    "homepage": "http://koorchik.blogspot.com/",
                    "role": "Author"
                },
                {
                    "name": "Anton Morozov",
                    "email": "anton@webbylab.com",
                    "homepage": "http://webbylab.com/",
                    "role": "Developer"
                },
                {
                    "name": "Konstantin Dvornik",
                    "role": "Developer"
                },
                {
                    "name": "Danil Greben",
                    "email": "greben.danil@gmail.com",
                    "homepage": "http://wanderer.in.ua",
                    "role": "Developer"
                }
            ],
            "description": "Lightweight PHP validator supporting Language Independent Validation Rules Specification (LIVR) ",
            "homepage": "https://github.com/WebbyLab/php-validator-livr",
            "keywords": [
                "livr",
                "validator"
            ],
            "time": "2015-05-14 12:49:13"
        },
        {
            "name": "verot/class.upload.php",
            "version": "dev-master",
            "source": {
                "type": "git",
                "url": "https://github.com/verot/class.upload.php.git",
                "reference": "407d1ff5410de6b09759768d4decf33df78b89a0"
            },
            "dist": {
                "type": "zip",
                "url": "https://api.github.com/repos/verot/class.upload.php/zipball/407d1ff5410de6b09759768d4decf33df78b89a0",
                "reference": "407d1ff5410de6b09759768d4decf33df78b89a0",
                "shasum": ""
            },
            "require": {
                "php": ">=4"
            },
            "type": "library",
            "autoload": {
                "classmap": [
                    "src/class.upload.php"
                ]
            },
            "notification-url": "https://packagist.org/downloads/",
            "license": [
                "GPLv2"
            ],
            "authors": [
                {
                    "name": "Colin Verot",
                    "email": "colin@verot.net"
                }
            ],
            "description": "This PHP class uploads files and manipulates images very easily.",
            "homepage": "http://www.verot.net/php_class_upload.htm",
            "keywords": [
                "gd",
                "upload"
            ],
            "time": "2015-08-09 12:07:30"
        }
    ],
    "packages-dev": [],
    "aliases": [],
    "minimum-stability": "stable",
    "stability-flags": {
        "validator/livr": 20,
        "verot/class.upload.php": 20,
        "jstayton/google-maps-geocoder": 20,
        "j7mbo/twitter-api-php": 20
    },
    "platform": [],
    "platform-dev": []
}
